
Microsoft Visual Studio Solution File, Format Version 12.00
# Visual Studio Version 17
VisualStudioVersion = 17.8.34408.163
MinimumVisualStudioVersion = 10.0.40219.1
Project("{FAE04EC0-301F-11D3-BF4B-00C04F79EFBC}") = "anime", "anime.csproj", "{9A3C7573-CE85-4B55-8186-2C616A378A4B}"
EndProject
Global
	GlobalSection(SolutionConfigurationPlatforms) = preSolution
		Debug|Any CPU = Debug|Any CPU
		Release|Any CPU = Release|Any CPU
	EndGlobalSection
	GlobalSection(ProjectConfigurationPlatforms) = postSolution
		{9A3C7573-CE85-4B55-8186-2C616A378A4B}.Debug|Any CPU.ActiveCfg = Debug|Any CPU
		{9A3C7573-CE85-4B55-8186-2C616A378A4B}.Debug|Any CPU.Build.0 = Debug|Any CPU
		{9A3C7573-CE85-4B55-8186-2C616A378A4B}.Debug|Any CPU.Deploy.0 = Debug|Any CPU
		{9A3C7573-CE85-4B55-8186-2C616A378A4B}.Release|Any CPU.ActiveCfg = Release|Any CPU
		{9A3C7573-CE85-4B55-8186-2C616A378A4B}.Release|Any CPU.Build.0 = Release|Any CPU
		{9A3C7573-CE85-4B55-8186-2C616A378A4B}.Release|Any CPU.Deploy.0 = Release|Any CPU
	EndGlobalSection
	GlobalSection(SolutionProperties) = preSolution
		HideSolutionNode = FALSE
	EndGlobalSection
	GlobalSection(ExtensibilityGlobals) = postSolution
		SolutionGuid = {9D6AD342-C989-4161-A7B5-F655CC8C4B3F}
	EndGlobalSection
EndGlobal
